
Microsoft Visual Studio Solution File, Format Version 12.00
# Visual Studio Version 17
VisualStudioVersion = 17.14.36811.4 d17.14
MinimumVisualStudioVersion = 10.0.40219.1
Project("{FAE04EC0-301F-11D3-BF4B-00C04F79EFBC}") = "SpotMate (for Windows)", "SpotMate (for Windows).csproj", "{21AF8535-4DDD-4456-A97E-602E09B889A6}"
EndProject
Global
	GlobalSection(SolutionConfigurationPlatforms) = preSolution
		Debug|Any CPU = Debug|Any CPU
		Release|Any CPU = Release|Any CPU
	EndGlobalSection
	GlobalSection(ProjectConfigurationPlatforms) = postSolution
		{21AF8535-4DDD-4456-A97E-602E09B889A6}.Debug|Any CPU.ActiveCfg = Debug|Any CPU
		{21AF8535-4DDD-4456-A97E-602E09B889A6}.Debug|Any CPU.Build.0 = Debug|Any CPU
		{21AF8535-4DDD-4456-A97E-602E09B889A6}.Release|Any CPU.ActiveCfg = Release|Any CPU
		{21AF8535-4DDD-4456-A97E-602E09B889A6}.Release|Any CPU.Build.0 = Release|Any CPU
	EndGlobalSection
	GlobalSection(SolutionProperties) = preSolution
		HideSolutionNode = FALSE
	EndGlobalSection
	GlobalSection(ExtensibilityGlobals) = postSolution
		SolutionGuid = {C4368680-ED6C-4BE4-A3A7-3ECCDEFC31BA}
	EndGlobalSection
EndGlobal
